
Microsoft Visual Studio Solution File, Format Version 12.00
# Visual Studio Version 17
VisualStudioVersion = 17.11.35327.3
MinimumVisualStudioVersion = 10.0.40219.1
Project("{FAE04EC0-301F-11D3-BF4B-00C04F79EFBC}") = "E_CommerceSystem", "E_CommerceSystem\E_CommerceSystem.csproj", "{57CD6ACC-8C57-4196-8E4E-C943F090899E}"
EndProject
Global
	GlobalSection(SolutionConfigurationPlatforms) = preSolution
		Debug|Any CPU = Debug|Any CPU
		Release|Any CPU = Release|Any CPU
	EndGlobalSection
	GlobalSection(ProjectConfigurationPlatforms) = postSolution
		{57CD6ACC-8C57-4196-8E4E-C943F090899E}.Debug|Any CPU.ActiveCfg = Debug|Any CPU
		{57CD6ACC-8C57-4196-8E4E-C943F090899E}.Debug|Any CPU.Build.0 = Debug|Any CPU
		{57CD6ACC-8C57-4196-8E4E-C943F090899E}.Release|Any CPU.ActiveCfg = Release|Any CPU
		{57CD6ACC-8C57-4196-8E4E-C943F090899E}.Release|Any CPU.Build.0 = Release|Any CPU
	EndGlobalSection
	GlobalSection(SolutionProperties) = preSolution
		HideSolutionNode = FALSE
	EndGlobalSection
	GlobalSection(ExtensibilityGlobals) = postSolution
		SolutionGuid = {7DDCB0C3-4E38-4CF3-9B62-DF29BBDA07EC}
	EndGlobalSection
EndGlobal
